
Microsoft Visual Studio Solution File, Format Version 12.00
# Visual Studio Version 17
VisualStudioVersion = 17.13.35825.156
MinimumVisualStudioVersion = 10.0.40219.1
Project("{9A19103F-16F7-4668-BE54-9A1E7A4F7556}") = "CRMBackend", "CRMBackend\CRMBackend.csproj", "{1265AF63-930D-4203-A251-2DAD87F1732B}"
EndProject
Project("{9A19103F-16F7-4668-BE54-9A1E7A4F7556}") = "CRMControllers", "CRMControllers\CRMControllers.csproj", "{153DB6B7-EE23-4F3E-8277-EE17CB49A22C}"
EndProject
Project("{FAE04EC0-301F-11D3-BF4B-00C04F79EFBC}") = "CRMFronted", "CRMFronted\CRMFronted.csproj", "{1208D26E-BE0A-4B93-82D2-F48713845006}"
EndProject
Global
	GlobalSection(SolutionConfigurationPlatforms) = preSolution
		Debug|Any CPU = Debug|Any CPU
		Release|Any CPU = Release|Any CPU
	EndGlobalSection
	GlobalSection(ProjectConfigurationPlatforms) = postSolution
		{1265AF63-930D-4203-A251-2DAD87F1732B}.Debug|Any CPU.ActiveCfg = Debug|Any CPU
		{1265AF63-930D-4203-A251-2DAD87F1732B}.Debug|Any CPU.Build.0 = Debug|Any CPU
		{1265AF63-930D-4203-A251-2DAD87F1732B}.Release|Any CPU.ActiveCfg = Release|Any CPU
		{1265AF63-930D-4203-A251-2DAD87F1732B}.Release|Any CPU.Build.0 = Release|Any CPU
		{153DB6B7-EE23-4F3E-8277-EE17CB49A22C}.Debug|Any CPU.ActiveCfg = Debug|Any CPU
		{153DB6B7-EE23-4F3E-8277-EE17CB49A22C}.Debug|Any CPU.Build.0 = Debug|Any CPU
		{153DB6B7-EE23-4F3E-8277-EE17CB49A22C}.Release|Any CPU.ActiveCfg = Release|Any CPU
		{153DB6B7-EE23-4F3E-8277-EE17CB49A22C}.Release|Any CPU.Build.0 = Release|Any CPU
		{1208D26E-BE0A-4B93-82D2-F48713845006}.Debug|Any CPU.ActiveCfg = Debug|Any CPU
		{1208D26E-BE0A-4B93-82D2-F48713845006}.Debug|Any CPU.Build.0 = Debug|Any CPU
		{1208D26E-BE0A-4B93-82D2-F48713845006}.Release|Any CPU.ActiveCfg = Release|Any CPU
		{1208D26E-BE0A-4B93-82D2-F48713845006}.Release|Any CPU.Build.0 = Release|Any CPU
	EndGlobalSection
	GlobalSection(SolutionProperties) = preSolution
		HideSolutionNode = FALSE
	EndGlobalSection
	GlobalSection(ExtensibilityGlobals) = postSolution
		SolutionGuid = {554F82C0-1A2B-4F87-9783-E0D3FD9868BC}
	EndGlobalSection
EndGlobal
